// !$*UTF8*$!
{
	archiveVersion = 1;
	classes = {
	};
	objectVersion = 56;
	objects = {

/* Begin PBXBuildFile section */
		6D5B61552C1AA85600F2D12D /* AppDelegate.swift in Sources */ = {isa = PBXBuildFile; fileRef = 6D5B61542C1AA85600F2D12D /* AppDelegate.swift */; };
		6D5B61572C1AA85600F2D12D /* SceneDelegate.swift in Sources */ = {isa = PBXBuildFile; fileRef = 6D5B61562C1AA85600F2D12D /* SceneDelegate.swift */; };
		6D5B61592C1AA85600F2D12D /* OverviewController.swift in Sources */ = {isa = PBXBuildFile; fileRef = 6D5B61582C1AA85600F2D12D /* OverviewController.swift */; };
		6D5B615E2C1AA85900F2D12D /* Assets.xcassets in Resources */ = {isa = PBXBuildFile; fileRef = 6D5B615D2C1AA85900F2D12D /* Assets.xcassets */; };
		6D5B61612C1AA85900F2D12D /* LaunchScreen.storyboard in Resources */ = {isa = PBXBuildFile; fileRef = 6D5B615F2C1AA85900F2D12D /* LaunchScreen.storyboard */; };
		6D5B616B2C1AABA100F2D12D /* TabBarController.swift in Sources */ = {isa = PBXBuildFile; fileRef = 6D5B616A2C1AABA100F2D12D /* TabBarController.swift */; };
		6D5B616E2C1AADD000F2D12D /* UiColor + Extension.swift in Sources */ = {isa = PBXBuildFile; fileRef = 6D5B616D2C1AADD000F2D12D /* UiColor + Extension.swift */; };
		6D5B61712C1AB14100F2D12D /* Resources.swift in Sources */ = {isa = PBXBuildFile; fileRef = 6D5B61702C1AB14100F2D12D /* Resources.swift */; };
		6D5B61732C1ACD1400F2D12D /* NavBarController.swift in Sources */ = {isa = PBXBuildFile; fileRef = 6D5B61722C1ACD1400F2D12D /* NavBarController.swift */; };
		6D5B61762C1ACEE700F2D12D /* BaseController.swift in Sources */ = {isa = PBXBuildFile; fileRef = 6D5B61752C1ACEE700F2D12D /* BaseController.swift */; };
		6D5B61782C1AD13300F2D12D /* UIView + Extension .swift in Sources */ = {isa = PBXBuildFile; fileRef = 6D5B61772C1AD13300F2D12D /* UIView + Extension .swift */; };
		6D5B617F2C1AD29B00F2D12D /* SessionController.swift in Sources */ = {isa = PBXBuildFile; fileRef = 6D5B617E2C1AD29B00F2D12D /* SessionController.swift */; };
		6D5B61812C1AD2C900F2D12D /* ProgressController.swift in Sources */ = {isa = PBXBuildFile; fileRef = 6D5B61802C1AD2C900F2D12D /* ProgressController.swift */; };
		6D5B61832C1AD2EC00F2D12D /* SettingsController.swift in Sources */ = {isa = PBXBuildFile; fileRef = 6D5B61822C1AD2EC00F2D12D /* SettingsController.swift */; };
/* End PBXBuildFile section */

/* Begin PBXFileReference section */
		6D5B61512C1AA85600F2D12D /* WorkoutApp.app */ = {isa = PBXFileReference; explicitFileType = wrapper.application; includeInIndex = 0; path = WorkoutApp.app; sourceTree = BUILT_PRODUCTS_DIR; };
		6D5B61542C1AA85600F2D12D /* AppDelegate.swift */ = {isa = PBXFileReference; lastKnownFileType = sourcecode.swift; path = AppDelegate.swift; sourceTree = "<group>"; };
		6D5B61562C1AA85600F2D12D /* SceneDelegate.swift */ = {isa = PBXFileReference; lastKnownFileType = sourcecode.swift; path = SceneDelegate.swift; sourceTree = "<group>"; };
		6D5B61582C1AA85600F2D12D /* OverviewController.swift */ = {isa = PBXFileReference; lastKnownFileType = sourcecode.swift; path = OverviewController.swift; sourceTree = "<group>"; };
		6D5B615D2C1AA85900F2D12D /* Assets.xcassets */ = {isa = PBXFileReference; lastKnownFileType = folder.assetcatalog; path = Assets.xcassets; sourceTree = "<group>"; };
		6D5B61602C1AA85900F2D12D /* Base */ = {isa = PBXFileReference; lastKnownFileType = file.storyboard; name = Base; path = Base.lproj/LaunchScreen.storyboard; sourceTree = "<group>"; };
		6D5B61622C1AA85900F2D12D /* Info.plist */ = {isa = PBXFileReference; lastKnownFileType = text.plist.xml; path = Info.plist; sourceTree = "<group>"; };
		6D5B616A2C1AABA100F2D12D /* TabBarController.swift */ = {isa = PBXFileReference; lastKnownFileType = sourcecode.swift; path = TabBarController.swift; sourceTree = "<group>"; };
		6D5B616D2C1AADD000F2D12D /* UiColor + Extension.swift */ = {isa = PBXFileReference; lastKnownFileType = sourcecode.swift; path = "UiColor + Extension.swift"; sourceTree = "<group>"; };
		6D5B61702C1AB14100F2D12D /* Resources.swift */ = {isa = PBXFileReference; lastKnownFileType = sourcecode.swift; path = Resources.swift; sourceTree = "<group>"; };
		6D5B61722C1ACD1400F2D12D /* NavBarController.swift */ = {isa = PBXFileReference; lastKnownFileType = sourcecode.swift; path = NavBarController.swift; sourceTree = "<group>"; };
		6D5B61752C1ACEE700F2D12D /* BaseController.swift */ = {isa = PBXFileReference; lastKnownFileType = sourcecode.swift; path = BaseController.swift; sourceTree = "<group>"; };
		6D5B61772C1AD13300F2D12D /* UIView + Extension .swift */ = {isa = PBXFileReference; lastKnownFileType = sourcecode.swift; path = "UIView + Extension .swift"; sourceTree = "<group>"; };
		6D5B617E2C1AD29B00F2D12D /* SessionController.swift */ = {isa = PBXFileReference; lastKnownFileType = sourcecode.swift; path = SessionController.swift; sourceTree = "<group>"; };
		6D5B61802C1AD2C900F2D12D /* ProgressController.swift */ = {isa = PBXFileReference; lastKnownFileType = sourcecode.swift; path = ProgressController.swift; sourceTree = "<group>"; };
		6D5B61822C1AD2EC00F2D12D /* SettingsController.swift */ = {isa = PBXFileReference; lastKnownFileType = sourcecode.swift; path = SettingsController.swift; sourceTree = "<group>"; };
/* End PBXFileReference section */

/* Begin PBXFrameworksBuildPhase section */
		6D5B614E2C1AA85600F2D12D /* Frameworks */ = {
			isa = PBXFrameworksBuildPhase;
			buildActionMask = 2147483647;
			files = (
			);
			runOnlyForDeploymentPostprocessing = 0;
		};
/* End PBXFrameworksBuildPhase section */

/* Begin PBXGroup section */
		6D5B61482C1AA85600F2D12D = {
			isa = PBXGroup;
			children = (
				6D5B61532C1AA85600F2D12D /* WorkoutApp */,
				6D5B61522C1AA85600F2D12D /* Products */,
			);
			sourceTree = "<group>";
		};
		6D5B61522C1AA85600F2D12D /* Products */ = {
			isa = PBXGroup;
			children = (
				6D5B61512C1AA85600F2D12D /* WorkoutApp.app */,
			);
			name = Products;
			sourceTree = "<group>";
		};
		6D5B61532C1AA85600F2D12D /* WorkoutApp */ = {
			isa = PBXGroup;
			children = (
				6D5B616C2C1AADB500F2D12D /* Helpers */,
				6D5B61682C1AA8E200F2D12D /* Application */,
				6D5B61742C1ACED200F2D12D /* Controllers */,
				6D5B61692C1AA8EE00F2D12D /* SupportingFiles */,
			);
			path = WorkoutApp;
			sourceTree = "<group>";
		};
		6D5B61682C1AA8E200F2D12D /* Application */ = {
			isa = PBXGroup;
			children = (
				6D5B61542C1AA85600F2D12D /* AppDelegate.swift */,
				6D5B61562C1AA85600F2D12D /* SceneDelegate.swift */,
			);
			path = Application;
			sourceTree = "<group>";
		};
		6D5B61692C1AA8EE00F2D12D /* SupportingFiles */ = {
			isa = PBXGroup;
			children = (
				6D5B615D2C1AA85900F2D12D /* Assets.xcassets */,
				6D5B615F2C1AA85900F2D12D /* LaunchScreen.storyboard */,
				6D5B61622C1AA85900F2D12D /* Info.plist */,
			);
			path = SupportingFiles;
			sourceTree = "<group>";
		};
		6D5B616C2C1AADB500F2D12D /* Helpers */ = {
			isa = PBXGroup;
			children = (
				6D5B616F2C1AAE2C00F2D12D /* Extensions */,
				6D5B61702C1AB14100F2D12D /* Resources.swift */,
			);
			path = Helpers;
			sourceTree = "<group>";
		};
		6D5B616F2C1AAE2C00F2D12D /* Extensions */ = {
			isa = PBXGroup;
			children = (
				6D5B616D2C1AADD000F2D12D /* UiColor + Extension.swift */,
				6D5B61772C1AD13300F2D12D /* UIView + Extension .swift */,
			);
			path = Extensions;
			sourceTree = "<group>";
		};
		6D5B61742C1ACED200F2D12D /* Controllers */ = {
			isa = PBXGroup;
			children = (
				6D5B617D2C1AD27F00F2D12D /* Settings */,
				6D5B617C2C1AD27900F2D12D /* Progress */,
				6D5B617B2C1AD27400F2D12D /* Session */,
				6D5B617A2C1AD26C00F2D12D /* Overview */,
				6D5B61792C1AD25D00F2D12D /* Base */,
			);
			path = Controllers;
			sourceTree = "<group>";
		};
		6D5B61792C1AD25D00F2D12D /* Base */ = {
			isa = PBXGroup;
			children = (
				6D5B616A2C1AABA100F2D12D /* TabBarController.swift */,
				6D5B61722C1ACD1400F2D12D /* NavBarController.swift */,
				6D5B61752C1ACEE700F2D12D /* BaseController.swift */,
			);
			path = Base;
			sourceTree = "<group>";
		};
		6D5B617A2C1AD26C00F2D12D /* Overview */ = {
			isa = PBXGroup;
			children = (
				6D5B61582C1AA85600F2D12D /* OverviewController.swift */,
			);
			path = Overview;
			sourceTree = "<group>";
		};
		6D5B617B2C1AD27400F2D12D /* Session */ = {
			isa = PBXGroup;
			children = (
				6D5B617E2C1AD29B00F2D12D /* SessionController.swift */,
			);
			path = Session;
			sourceTree = "<group>";
		};
		6D5B617C2C1AD27900F2D12D /* Progress */ = {
			isa = PBXGroup;
			children = (
				6D5B61802C1AD2C900F2D12D /* ProgressController.swift */,
			);
			path = Progress;
			sourceTree = "<group>";
		};
		6D5B617D2C1AD27F00F2D12D /* Settings */ = {
			isa = PBXGroup;
			children = (
				6D5B61822C1AD2EC00F2D12D /* SettingsController.swift */,
			);
			path = Settings;
			sourceTree = "<group>";
		};
/* End PBXGroup section */

/* Begin PBXNativeTarget section */
		6D5B61502C1AA85600F2D12D /* WorkoutApp */ = {
			isa = PBXNativeTarget;
			buildConfigurationList = 6D5B61652C1AA85900F2D12D /* Build configuration list for PBXNativeTarget "WorkoutApp" */;
			buildPhases = (
				6D5B614D2C1AA85600F2D12D /* Sources */,
				6D5B614E2C1AA85600F2D12D /* Frameworks */,
				6D5B614F2C1AA85600F2D12D /* Resources */,
			);
			buildRules = (
			);
			dependencies = (
			);
			name = WorkoutApp;
			productName = WorkoutApp;
			productReference = 6D5B61512C1AA85600F2D12D /* WorkoutApp.app */;
			productType = "com.apple.product-type.application";
		};
/* End PBXNativeTarget section */

/* Begin PBXProject section */
		6D5B61492C1AA85600F2D12D /* Project object */ = {
			isa = PBXProject;
			attributes = {
				BuildIndependentTargetsInParallel = 1;
				LastSwiftUpdateCheck = 1420;
				LastUpgradeCheck = 1420;
				TargetAttributes = {
					6D5B61502C1AA85600F2D12D = {
						CreatedOnToolsVersion = 14.2;
					};
				};
			};
			buildConfigurationList = 6D5B614C2C1AA85600F2D12D /* Build configuration list for PBXProject "WorkoutApp" */;
			compatibilityVersion = "Xcode 14.0";
			developmentRegion = en;
			hasScannedForEncodings = 0;
			knownRegions = (
				en,
				Base,
			);
			mainGroup = 6D5B61482C1AA85600F2D12D;
			productRefGroup = 6D5B61522C1AA85600F2D12D /* Products */;
			projectDirPath = "";
			projectRoot = "";
			targets = (
				6D5B61502C1AA85600F2D12D /* WorkoutApp */,
			);
		};
/* End PBXProject section */

/* Begin PBXResourcesBuildPhase section */
		6D5B614F2C1AA85600F2D12D /* Resources */ = {
			isa = PBXResourcesBuildPhase;
			buildActionMask = 2147483647;
			files = (
				6D5B61612C1AA85900F2D12D /* LaunchScreen.storyboard in Resources */,
				6D5B615E2C1AA85900F2D12D /* Assets.xcassets in Resources */,
			);
			runOnlyForDeploymentPostprocessing = 0;
		};
/* End PBXResourcesBuildPhase section */

/* Begin PBXSourcesBuildPhase section */
		6D5B614D2C1AA85600F2D12D /* Sources */ = {
			isa = PBXSourcesBuildPhase;
			buildActionMask = 2147483647;
			files = (
				6D5B61832C1AD2EC00F2D12D /* SettingsController.swift in Sources */,
				6D5B61592C1AA85600F2D12D /* OverviewController.swift in Sources */,
				6D5B616E2C1AADD000F2D12D /* UiColor + Extension.swift in Sources */,
				6D5B61782C1AD13300F2D12D /* UIView + Extension .swift in Sources */,
				6D5B616B2C1AABA100F2D12D /* TabBarController.swift in Sources */,
				6D5B617F2C1AD29B00F2D12D /* SessionController.swift in Sources */,
				6D5B61812C1AD2C900F2D12D /* ProgressController.swift in Sources */,
				6D5B61732C1ACD1400F2D12D /* NavBarController.swift in Sources */,
				6D5B61712C1AB14100F2D12D /* Resources.swift in Sources */,
				6D5B61552C1AA85600F2D12D /* AppDelegate.swift in Sources */,
				6D5B61762C1ACEE700F2D12D /* BaseController.swift in Sources */,
				6D5B61572C1AA85600F2D12D /* SceneDelegate.swift in Sources */,
			);
			runOnlyForDeploymentPostprocessing = 0;
		};
/* End PBXSourcesBuildPhase section */

/* Begin PBXVariantGroup section */
		6D5B615F2C1AA85900F2D12D /* LaunchScreen.storyboard */ = {
			isa = PBXVariantGroup;
			children = (
				6D5B61602C1AA85900F2D12D /* Base */,
			);
			name = LaunchScreen.storyboard;
			sourceTree = "<group>";
		};
/* End PBXVariantGroup section */

/* Begin XCBuildConfiguration section */
		6D5B61632C1AA85900F2D12D /* Debug */ = {
			isa = XCBuildConfiguration;
			buildSettings = {
				ALWAYS_SEARCH_USER_PATHS = NO;
				CLANG_ANALYZER_NONNULL = YES;
				CLANG_ANALYZER_NUMBER_OBJECT_CONVERSION = YES_AGGRESSIVE;
				CLANG_CXX_LANGUAGE_STANDARD = "gnu++20";
				CLANG_ENABLE_MODULES = YES;
				CLANG_ENABLE_OBJC_ARC = YES;
				CLANG_ENABLE_OBJC_WEAK = YES;
				CLANG_WARN_BLOCK_CAPTURE_AUTORELEASING = YES;
				CLANG_WARN_BOOL_CONVERSION = YES;
				CLANG_WARN_COMMA = YES;
				CLANG_WARN_CONSTANT_CONVERSION = YES;
				CLANG_WARN_DEPRECATED_OBJC_IMPLEMENTATIONS = YES;
				CLANG_WARN_DIRECT_OBJC_ISA_USAGE = YES_ERROR;
				CLANG_WARN_DOCUMENTATION_COMMENTS = YES;
				CLANG_WARN_EMPTY_BODY = YES;
				CLANG_WARN_ENUM_CONVERSION = YES;
				CLANG_WARN_INFINITE_RECURSION = YES;
				CLANG_WARN_INT_CONVERSION = YES;
				CLANG_WARN_NON_LITERAL_NULL_CONVERSION = YES;
				CLANG_WARN_OBJC_IMPLICIT_RETAIN_SELF = YES;
				CLANG_WARN_OBJC_LITERAL_CONVERSION = YES;
				CLANG_WARN_OBJC_ROOT_CLASS = YES_ERROR;
				CLANG_WARN_QUOTED_INCLUDE_IN_FRAMEWORK_HEADER = YES;
				CLANG_WARN_RANGE_LOOP_ANALYSIS = YES;
				CLANG_WARN_STRICT_PROTOTYPES = YES;
				CLANG_WARN_SUSPICIOUS_MOVE = YES;
				CLANG_WARN_UNGUARDED_AVAILABILITY = YES_AGGRESSIVE;
				CLANG_WARN_UNREACHABLE_CODE = YES;
				CLANG_WARN__DUPLICATE_METHOD_MATCH = YES;
				COPY_PHASE_STRIP = NO;
				DEBUG_INFORMATION_FORMAT = dwarf;
				ENABLE_STRICT_OBJC_MSGSEND = YES;
				ENABLE_TESTABILITY = YES;
				GCC_C_LANGUAGE_STANDARD = gnu11;
				GCC_DYNAMIC_NO_PIC = NO;
				GCC_NO_COMMON_BLOCKS = YES;
				GCC_OPTIMIZATION_LEVEL = 0;
				GCC_PREPROCESSOR_DEFINITIONS = (
					"DEBUG=1",
					"$(inherited)",
				);
				GCC_WARN_64_TO_32_BIT_CONVERSION = YES;
				GCC_WARN_ABOUT_RETURN_TYPE = YES_ERROR;
				GCC_WARN_UNDECLARED_SELECTOR = YES;
				GCC_WARN_UNINITIALIZED_AUTOS = YES_AGGRESSIVE;
				GCC_WARN_UNUSED_FUNCTION = YES;
				GCC_WARN_UNUSED_VARIABLE = YES;
				IPHONEOS_DEPLOYMENT_TARGET = 16.2;
				MTL_ENABLE_DEBUG_INFO = INCLUDE_SOURCE;
				MTL_FAST_MATH = YES;
				ONLY_ACTIVE_ARCH = YES;
				SDKROOT = iphoneos;
				SWIFT_ACTIVE_COMPILATION_CONDITIONS = DEBUG;
				SWIFT_OPTIMIZATION_LEVEL = "-Onone";
			};
			name = Debug;
		};
		6D5B61642C1AA85900F2D12D /* Release */ = {
			isa = XCBuildConfiguration;
			buildSettings = {
				ALWAYS_SEARCH_USER_PATHS = NO;
				CLANG_ANALYZER_NONNULL = YES;
				CLANG_ANALYZER_NUMBER_OBJECT_CONVERSION = YES_AGGRESSIVE;
				CLANG_CXX_LANGUAGE_STANDARD = "gnu++20";
				CLANG_ENABLE_MODULES = YES;
				CLANG_ENABLE_OBJC_ARC = YES;
				CLANG_ENABLE_OBJC_WEAK = YES;
				CLANG_WARN_BLOCK_CAPTURE_AUTORELEASING = YES;
				CLANG_WARN_BOOL_CONVERSION = YES;
				CLANG_WARN_COMMA = YES;
				CLANG_WARN_CONSTANT_CONVERSION = YES;
				CLANG_WARN_DEPRECATED_OBJC_IMPLEMENTATIONS = YES;
				CLANG_WARN_DIRECT_OBJC_ISA_USAGE = YES_ERROR;
				CLANG_WARN_DOCUMENTATION_COMMENTS = YES;
				CLANG_WARN_EMPTY_BODY = YES;
				CLANG_WARN_ENUM_CONVERSION = YES;
				CLANG_WARN_INFINITE_RECURSION = YES;
				CLANG_WARN_INT_CONVERSION = YES;
				CLANG_WARN_NON_LITERAL_NULL_CONVERSION = YES;
				CLANG_WARN_OBJC_IMPLICIT_RETAIN_SELF = YES;
				CLANG_WARN_OBJC_LITERAL_CONVERSION = YES;
				CLANG_WARN_OBJC_ROOT_CLASS = YES_ERROR;
				CLANG_WARN_QUOTED_INCLUDE_IN_FRAMEWORK_HEADER = YES;
				CLANG_WARN_RANGE_LOOP_ANALYSIS = YES;
				CLANG_WARN_STRICT_PROTOTYPES = YES;
				CLANG_WARN_SUSPICIOUS_MOVE = YES;
				CLANG_WARN_UNGUARDED_AVAILABILITY = YES_AGGRESSIVE;
				CLANG_WARN_UNREACHABLE_CODE = YES;
				CLANG_WARN__DUPLICATE_METHOD_MATCH = YES;
				COPY_PHASE_STRIP = NO;
				DEBUG_INFORMATION_FORMAT = "dwarf-with-dsym";
				ENABLE_NS_ASSERTIONS = NO;
				ENABLE_STRICT_OBJC_MSGSEND = YES;
				GCC_C_LANGUAGE_STANDARD = gnu11;
				GCC_NO_COMMON_BLOCKS = YES;
				GCC_WARN_64_TO_32_BIT_CONVERSION = YES;
				GCC_WARN_ABOUT_RETURN_TYPE = YES_ERROR;
				GCC_WARN_UNDECLARED_SELECTOR = YES;
				GCC_WARN_UNINITIALIZED_AUTOS = YES_AGGRESSIVE;
				GCC_WARN_UNUSED_FUNCTION = YES;
				GCC_WARN_UNUSED_VARIABLE = YES;
				IPHONEOS_DEPLOYMENT_TARGET = 16.2;
				MTL_ENABLE_DEBUG_INFO = NO;
				MTL_FAST_MATH = YES;
				SDKROOT = iphoneos;
				SWIFT_COMPILATION_MODE = wholemodule;
				SWIFT_OPTIMIZATION_LEVEL = "-O";
				VALIDATE_PRODUCT = YES;
			};
			name = Release;
		};
		6D5B61662C1AA85900F2D12D /* Debug */ = {
			isa = XCBuildConfiguration;
			buildSettings = {
				ASSETCATALOG_COMPILER_APPICON_NAME = AppIcon;
				ASSETCATALOG_COMPILER_GLOBAL_ACCENT_COLOR_NAME = AccentColor;
				CODE_SIGN_STYLE = Automatic;
				CURRENT_PROJECT_VERSION = 1;
				DEVELOPMENT_TEAM = T6NP5VY79P;
				GENERATE_INFOPLIST_FILE = YES;
				INFOPLIST_FILE = WorkoutApp/SupportingFiles/Info.plist;
				INFOPLIST_KEY_UIApplicationSupportsIndirectInputEvents = YES;
				INFOPLIST_KEY_UILaunchStoryboardName = LaunchScreen;
				INFOPLIST_KEY_UISupportedInterfaceOrientations_iPad = "UIInterfaceOrientationPortrait UIInterfaceOrientationPortraitUpsideDown UIInterfaceOrientationLandscapeLeft UIInterfaceOrientationLandscapeRight";
				INFOPLIST_KEY_UISupportedInterfaceOrientations_iPhone = "UIInterfaceOrientationPortrait UIInterfaceOrientationLandscapeLeft UIInterfaceOrientationLandscapeRight";
				LD_RUNPATH_SEARCH_PATHS = (
					"$(inherited)",
					"@executable_path/Frameworks",
				);
				MARKETING_VERSION = 1.0;
				PRODUCT_BUNDLE_IDENTIFIER = me.abanshin.alexander.WorkoutApp;
				PRODUCT_NAME = "$(TARGET_NAME)";
				SWIFT_EMIT_LOC_STRINGS = YES;
				SWIFT_VERSION = 5.0;
				TARGETED_DEVICE_FAMILY = "1,2";
			};
			name = Debug;
		};
		6D5B61672C1AA85900F2D12D /* Release */ = {
			isa = XCBuildConfiguration;
			buildSettings = {
				ASSETCATALOG_COMPILER_APPICON_NAME = AppIcon;
				ASSETCATALOG_COMPILER_GLOBAL_ACCENT_COLOR_NAME = AccentColor;
				CODE_SIGN_STYLE = Automatic;
				CURRENT_PROJECT_VERSION = 1;
				DEVELOPMENT_TEAM = T6NP5VY79P;
				GENERATE_INFOPLIST_FILE = YES;
				INFOPLIST_FILE = WorkoutApp/SupportingFiles/Info.plist;
				INFOPLIST_KEY_UIApplicationSupportsIndirectInputEvents = YES;
				INFOPLIST_KEY_UILaunchStoryboardName = LaunchScreen;
				INFOPLIST_KEY_UISupportedInterfaceOrientations_iPad = "UIInterfaceOrientationPortrait UIInterfaceOrientationPortraitUpsideDown UIInterfaceOrientationLandscapeLeft UIInterfaceOrientationLandscapeRight";
				INFOPLIST_KEY_UISupportedInterfaceOrientations_iPhone = "UIInterfaceOrientationPortrait UIInterfaceOrientationLandscapeLeft UIInterfaceOrientationLandscapeRight";
				LD_RUNPATH_SEARCH_PATHS = (
					"$(inherited)",
					"@executable_path/Frameworks",
				);
				MARKETING_VERSION = 1.0;
				PRODUCT_BUNDLE_IDENTIFIER = me.abanshin.alexander.WorkoutApp;
				PRODUCT_NAME = "$(TARGET_NAME)";
				SWIFT_EMIT_LOC_STRINGS = YES;
				SWIFT_VERSION = 5.0;
				TARGETED_DEVICE_FAMILY = "1,2";
			};
			name = Release;
		};
/* End XCBuildConfiguration section */

/* Begin XCConfigurationList section */
		6D5B614C2C1AA85600F2D12D /* Build configuration list for PBXProject "WorkoutApp" */ = {
			isa = XCConfigurationList;
			buildConfigurations = (
				6D5B61632C1AA85900F2D12D /* Debug */,
				6D5B61642C1AA85900F2D12D /* Release */,
			);
			defaultConfigurationIsVisible = 0;
			defaultConfigurationName = Release;
		};
		6D5B61652C1AA85900F2D12D /* Build configuration list for PBXNativeTarget "WorkoutApp" */ = {
			isa = XCConfigurationList;
			buildConfigurations = (
				6D5B61662C1AA85900F2D12D /* Debug */,
				6D5B61672C1AA85900F2D12D /* Release */,
			);
			defaultConfigurationIsVisible = 0;
			defaultConfigurationName = Release;
		};
/* End XCConfigurationList section */
	};
	rootObject = 6D5B61492C1AA85600F2D12D /* Project object */;
}
